
Microsoft Visual Studio Solution File, Format Version 12.00
# Visual Studio Version 16
VisualStudioVersion = 16.0.33920.266
MinimumVisualStudioVersion = 10.0.40219.1
Project("{9A19103F-16F7-4668-BE54-9A1E7A4F7556}") = "SpawnConverter", "SpawnConverter\SpawnConverter.csproj", "{220497ED-8056-4C55-887B-F56A5F1FB6DF}"
EndProject
Global
	GlobalSection(SolutionConfigurationPlatforms) = preSolution
		Debug|Any CPU = Debug|Any CPU
		Release|Any CPU = Release|Any CPU
	EndGlobalSection
	GlobalSection(ProjectConfigurationPlatforms) = postSolution
		{220497ED-8056-4C55-887B-F56A5F1FB6DF}.Debug|Any CPU.ActiveCfg = Debug|Any CPU
		{220497ED-8056-4C55-887B-F56A5F1FB6DF}.Debug|Any CPU.Build.0 = Debug|Any CPU
		{220497ED-8056-4C55-887B-F56A5F1FB6DF}.Release|Any CPU.ActiveCfg = Release|Any CPU
		{220497ED-8056-4C55-887B-F56A5F1FB6DF}.Release|Any CPU.Build.0 = Release|Any CPU
	EndGlobalSection
	GlobalSection(SolutionProperties) = preSolution
		HideSolutionNode = FALSE
	EndGlobalSection
	GlobalSection(ExtensibilityGlobals) = postSolution
		SolutionGuid = {E92379D0-934D-4C98-8711-1299279A4617}
	EndGlobalSection
EndGlobal
